# Gamescope 3.16.28 and its exact gitlink/wrap revisions; never track HEAD.
# path commit URL; root identifies the release ZIP, dependencies use exact commits.
. fa0b4d3342078f01eadff0193e09c3b561f40c03 https://github.com/ValveSoftware/gamescope.git
src/reshade 696b14cd6006ae9ca174e6164450619ace043283 https://github.com/Joshua-Ashton/reshade.git
subprojects/libdisplay-info 47a5590e9c4eb35d67651b8c05a55f1a48259329 https://gitlab.freedesktop.org/emersion/libdisplay-info.git
subprojects/libliftoff 8b08dc1c14fd019cc90ddabe34ad16596b0691f4 https://gitlab.freedesktop.org/emersion/libliftoff.git
subprojects/vkroots 5106d8a0df95de66cc58dc1ea37e69c99afc9540 https://github.com/Joshua-Ashton/vkroots.git
subprojects/wlroots d783533489e1f75d6886c2ab5c5960090ef268f8 https://gitlab.freedesktop.org/wlroots/wlroots.git
thirdparty/SPIRV-Headers d790ced752b5bfc06b6988baadef6eb2d16bdf96 https://github.com/KhronosGroup/SPIRV-Headers.git
subprojects/glm 0af55ccecd98d4e5a8d1fad7de25ba429d60e863 https://github.com/g-truc/glm.git
subprojects/stb 5736b15f7ea0ffb08dd38af21067c314d6a3aae9 https://github.com/nothings/stb.git